
Microsoft Visual Studio Solution File, Format Version 12.00
# Visual Studio Version 16
VisualStudioVersion = 16.0.32413.511
MinimumVisualStudioVersion = 10.0.40219.1
Project("{9A19103F-16F7-4668-BE54-9A1E7A4F7556}") = "app", "app.csproj", "{B4E64022-7C82-483E-9161-59F4A62D8BF0}"
EndProject
Global
	GlobalSection(SolutionConfigurationPlatforms) = preSolution
		Debug|Any CPU = Debug|Any CPU
		Release|Any CPU = Release|Any CPU
	EndGlobalSection
	GlobalSection(ProjectConfigurationPlatforms) = postSolution
		{B4E64022-7C82-483E-9161-59F4A62D8BF0}.Debug|Any CPU.ActiveCfg = Debug|Any CPU
		{B4E64022-7C82-483E-9161-59F4A62D8BF0}.Debug|Any CPU.Build.0 = Debug|Any CPU
		{B4E64022-7C82-483E-9161-59F4A62D8BF0}.Release|Any CPU.ActiveCfg = Release|Any CPU
		{B4E64022-7C82-483E-9161-59F4A62D8BF0}.Release|Any CPU.Build.0 = Release|Any CPU
	EndGlobalSection
	GlobalSection(SolutionProperties) = preSolution
		HideSolutionNode = FALSE
	EndGlobalSection
	GlobalSection(ExtensibilityGlobals) = postSolution
		SolutionGuid = {8E1AF606-D286-4FB6-88CA-E75BA9580DE1}
	EndGlobalSection
EndGlobal
